// !$*UTF8*$!
{
	archiveVersion = 1;
	classes = {
	};
	objectVersion = 50;
	objects = {

/* Begin PBXBuildFile section */
		466CE8D1220FFCD900D6F97B /* AppDelegate.swift in Sources */ = {isa = PBXBuildFile; fileRef = 466CE8D0220FFCD900D6F97B /* AppDelegate.swift */; };
		466CE8D3220FFCD900D6F97B /* ViewController.swift in Sources */ = {isa = PBXBuildFile; fileRef = 466CE8D2220FFCD900D6F97B /* ViewController.swift */; };
		466CE8D6220FFCD900D6F97B /* Main.storyboard in Resources */ = {isa = PBXBuildFile; fileRef = 466CE8D4220FFCD900D6F97B /* Main.storyboard */; };
		466CE8D8220FFCDA00D6F97B /* Assets.xcassets in Resources */ = {isa = PBXBuildFile; fileRef = 466CE8D7220FFCDA00D6F97B /* Assets.xcassets */; };
		466CE8DB220FFCDA00D6F97B /* LaunchScreen.storyboard in Resources */ = {isa = PBXBuildFile; fileRef = 466CE8D9220FFCDA00D6F97B /* LaunchScreen.storyboard */; };
		466CE8E3220FFD6400D6F97B /* NextViewController.swift in Sources */ = {isa = PBXBuildFile; fileRef = 466CE8E2220FFD6400D6F97B /* NextViewController.swift */; };
/* End PBXBuildFile section */

/* Begin PBXFileReference section */
		466CE8CD220FFCD900D6F97B /* NotificationStartSample.app */ = {isa = PBXFileReference; explicitFileType = wrapper.application; includeInIndex = 0; path = NotificationStartSample.app; sourceTree = BUILT_PRODUCTS_DIR; };
		466CE8D0220FFCD900D6F97B /* AppDelegate.swift */ = {isa = PBXFileReference; lastKnownFileType = sourcecode.swift; path = AppDelegate.swift; sourceTree = "<group>"; };
		466CE8D2220FFCD900D6F97B /* ViewController.swift */ = {isa = PBXFileReference; lastKnownFileType = sourcecode.swift; path = ViewController.swift; sourceTree = "<group>"; };
		466CE8D5220FFCD900D6F97B /* Base */ = {isa = PBXFileReference; lastKnownFileType = file.storyboard; name = Base; path = Base.lproj/Main.storyboard; sourceTree = "<group>"; };
		466CE8D7220FFCDA00D6F97B /* Assets.xcassets */ = {isa = PBXFileReference; lastKnownFileType = folder.assetcatalog; path = Assets.xcassets; sourceTree = "<group>"; };
		466CE8DA220FFCDA00D6F97B /* Base */ = {isa = PBXFileReference; lastKnownFileType = file.storyboard; name = Base; path = Base.lproj/LaunchScreen.storyboard; sourceTree = "<group>"; };
		466CE8DC220FFCDA00D6F97B /* Info.plist */ = {isa = PBXFileReference; lastKnownFileType = text.plist.xml; path = Info.plist; sourceTree = "<group>"; };
		466CE8E2220FFD6400D6F97B /* NextViewController.swift */ = {isa = PBXFileReference; lastKnownFileType = sourcecode.swift; path = NextViewController.swift; sourceTree = "<group>"; };
/* End PBXFileReference section */

/* Begin PBXFrameworksBuildPhase section */
		466CE8CA220FFCD900D6F97B /* Frameworks */ = {
			isa = PBXFrameworksBuildPhase;
			buildActionMask = 2147483647;
			files = (
			);
			runOnlyForDeploymentPostprocessing = 0;
		};
/* End PBXFrameworksBuildPhase section */

/* Begin PBXGroup section */
		466CE8C4220FFCD900D6F97B = {
			isa = PBXGroup;
			children = (
				466CE8CF220FFCD900D6F97B /* NotificationStartSample */,
				466CE8CE220FFCD900D6F97B /* Products */,
			);
			sourceTree = "<group>";
		};
		466CE8CE220FFCD900D6F97B /* Products */ = {
			isa = PBXGroup;
			children = (
				466CE8CD220FFCD900D6F97B /* NotificationStartSample.app */,
			);
			name = Products;
			sourceTree = "<group>";
		};
		466CE8CF220FFCD900D6F97B /* NotificationStartSample */ = {
			isa = PBXGroup;
			children = (
				466CE8D0220FFCD900D6F97B /* AppDelegate.swift */,
				466CE8D2220FFCD900D6F97B /* ViewController.swift */,
				466CE8E2220FFD6400D6F97B /* NextViewController.swift */,
				466CE8D4220FFCD900D6F97B /* Main.storyboard */,
				466CE8D7220FFCDA00D6F97B /* Assets.xcassets */,
				466CE8D9220FFCDA00D6F97B /* LaunchScreen.storyboard */,
				466CE8DC220FFCDA00D6F97B /* Info.plist */,
			);
			path = NotificationStartSample;
			sourceTree = "<group>";
		};
/* End PBXGroup section */

/* Begin PBXNativeTarget section */
		466CE8CC220FFCD900D6F97B /* NotificationStartSample */ = {
			isa = PBXNativeTarget;
			buildConfigurationList = 466CE8DF220FFCDA00D6F97B /* Build configuration list for PBXNativeTarget "NotificationStartSample" */;
			buildPhases = (
				466CE8C9220FFCD900D6F97B /* Sources */,
				466CE8CA220FFCD900D6F97B /* Frameworks */,
				466CE8CB220FFCD900D6F97B /* Resources */,
			);
			buildRules = (
			);
			dependencies = (
			);
			name = NotificationStartSample;
			productName = NotificationStartSample;
			productReference = 466CE8CD220FFCD900D6F97B /* NotificationStartSample.app */;
			productType = "com.apple.product-type.application";
		};
/* End PBXNativeTarget section */

/* Begin PBXProject section */
		466CE8C5220FFCD900D6F97B /* Project object */ = {
			isa = PBXProject;
			attributes = {
				LastSwiftUpdateCheck = 1010;
				LastUpgradeCheck = 1010;
				ORGANIZATIONNAME = touyou;
				TargetAttributes = {
					466CE8CC220FFCD900D6F97B = {
						CreatedOnToolsVersion = 10.1;
					};
				};
			};
			buildConfigurationList = 466CE8C8220FFCD900D6F97B /* Build configuration list for PBXProject "NotificationStartSample" */;
			compatibilityVersion = "Xcode 9.3";
			developmentRegion = en;
			hasScannedForEncodings = 0;
			knownRegions = (
				en,
				Base,
			);
			mainGroup = 466CE8C4220FFCD900D6F97B;
			productRefGroup = 466CE8CE220FFCD900D6F97B /* Products */;
			projectDirPath = "";
			projectRoot = "";
			targets = (
				466CE8CC220FFCD900D6F97B /* NotificationStartSample */,
			);
		};
/* End PBXProject section */

/* Begin PBXResourcesBuildPhase section */
		466CE8CB220FFCD900D6F97B /* Resources */ = {
			isa = PBXResourcesBuildPhase;
			buildActionMask = 2147483647;
			files = (
				466CE8DB220FFCDA00D6F97B /* LaunchScreen.storyboard in Resources */,
				466CE8D8220FFCDA00D6F97B /* Assets.xcassets in Resources */,
				466CE8D6220FFCD900D6F97B /* Main.storyboard in Resources */,
			);
			runOnlyForDeploymentPostprocessing = 0;
		};
/* End PBXResourcesBuildPhase section */

/* Begin PBXSourcesBuildPhase section */
		466CE8C9220FFCD900D6F97B /* Sources */ = {
			isa = PBXSourcesBuildPhase;
			buildActionMask = 2147483647;
			files = (
				466CE8D3220FFCD900D6F97B /* ViewController.swift in Sources */,
				466CE8E3220FFD6400D6F97B /* NextViewController.swift in Sources */,
				466CE8D1220FFCD900D6F97B /* AppDelegate.swift in Sources */,
			);
			runOnlyForDeploymentPostprocessing = 0;
		};
/* End PBXSourcesBuildPhase section */

/* Begin PBXVariantGroup section */
		466CE8D4220FFCD900D6F97B /* Main.storyboard */ = {
			isa = PBXVariantGroup;
			children = (
				466CE8D5220FFCD900D6F97B /* Base */,
			);
			name = Main.storyboard;
			sourceTree = "<group>";
		};
		466CE8D9220FFCDA00D6F97B /* LaunchScreen.storyboard */ = {
			isa = PBXVariantGroup;
			children = (
				466CE8DA220FFCDA00D6F97B /* Base */,
			);
			name = LaunchScreen.storyboard;
			sourceTree = "<group>";
		};
/* End PBXVariantGroup section */

/* Begin XCBuildConfiguration section */
		466CE8DD220FFCDA00D6F97B /* Debug */ = {
			isa = XCBuildConfiguration;
			buildSettings = {
				ALWAYS_SEARCH_USER_PATHS = NO;
				CLANG_ANALYZER_NONNULL = YES;
				CLANG_ANALYZER_NUMBER_OBJECT_CONVERSION = YES_AGGRESSIVE;
				CLANG_CXX_LANGUAGE_STANDARD = "gnu++14";
				CLANG_CXX_LIBRARY = "libc++";
				CLANG_ENABLE_MODULES = YES;
				CLANG_ENABLE_OBJC_ARC = YES;
				CLANG_ENABLE_OBJC_WEAK = YES;
				CLANG_WARN_BLOCK_CAPTURE_AUTORELEASING = YES;
				CLANG_WARN_BOOL_CONVERSION = YES;
				CLANG_WARN_COMMA = YES;
				CLANG_WARN_CONSTANT_CONVERSION = YES;
				CLANG_WARN_DEPRECATED_OBJC_IMPLEMENTATIONS = YES;
				CLANG_WARN_DIRECT_OBJC_ISA_USAGE = YES_ERROR;
				CLANG_WARN_DOCUMENTATION_COMMENTS = YES;
				CLANG_WARN_EMPTY_BODY = YES;
				CLANG_WARN_ENUM_CONVERSION = YES;
				CLANG_WARN_INFINITE_RECURSION = YES;
				CLANG_WARN_INT_CONVERSION = YES;
				CLANG_WARN_NON_LITERAL_NULL_CONVERSION = YES;
				CLANG_WARN_OBJC_IMPLICIT_RETAIN_SELF = YES;
				CLANG_WARN_OBJC_LITERAL_CONVERSION = YES;
				CLANG_WARN_OBJC_ROOT_CLASS = YES_ERROR;
				CLANG_WARN_RANGE_LOOP_ANALYSIS = YES;
				CLANG_WARN_STRICT_PROTOTYPES = YES;
				CLANG_WARN_SUSPICIOUS_MOVE = YES;
				CLANG_WARN_UNGUARDED_AVAILABILITY = YES_AGGRESSIVE;
				CLANG_WARN_UNREACHABLE_CODE = YES;
				CLANG_WARN__DUPLICATE_METHOD_MATCH = YES;
				CODE_SIGN_IDENTITY = "iPhone Developer";
				COPY_PHASE_STRIP = NO;
				DEBUG_INFORMATION_FORMAT = dwarf;
				ENABLE_STRICT_OBJC_MSGSEND = YES;
				ENABLE_TESTABILITY = YES;
				GCC_C_LANGUAGE_STANDARD = gnu11;
				GCC_DYNAMIC_NO_PIC = NO;
				GCC_NO_COMMON_BLOCKS = YES;
				GCC_OPTIMIZATION_LEVEL = 0;
				GCC_PREPROCESSOR_DEFINITIONS = (
					"DEBUG=1",
					"$(inherited)",
				);
				GCC_WARN_64_TO_32_BIT_CONVERSION = YES;
				GCC_WARN_ABOUT_RETURN_TYPE = YES_ERROR;
				GCC_WARN_UNDECLARED_SELECTOR = YES;
				GCC_WARN_UNINITIALIZED_AUTOS = YES_AGGRESSIVE;
				GCC_WARN_UNUSED_FUNCTION = YES;
				GCC_WARN_UNUSED_VARIABLE = YES;
				IPHONEOS_DEPLOYMENT_TARGET = 12.1;
				MTL_ENABLE_DEBUG_INFO = INCLUDE_SOURCE;
				MTL_FAST_MATH = YES;
				ONLY_ACTIVE_ARCH = YES;
				SDKROOT = iphoneos;
				SWIFT_ACTIVE_COMPILATION_CONDITIONS = DEBUG;
				SWIFT_OPTIMIZATION_LEVEL = "-Onone";
			};
			name = Debug;
		};
		466CE8DE220FFCDA00D6F97B /* Release */ = {
			isa = XCBuildConfiguration;
			buildSettings = {
				ALWAYS_SEARCH_USER_PATHS = NO;
				CLANG_ANALYZER_NONNULL = YES;
				CLANG_ANALYZER_NUMBER_OBJECT_CONVERSION = YES_AGGRESSIVE;
				CLANG_CXX_LANGUAGE_STANDARD = "gnu++14";
				CLANG_CXX_LIBRARY = "libc++";
				CLANG_ENABLE_MODULES = YES;
				CLANG_ENABLE_OBJC_ARC = YES;
				CLANG_ENABLE_OBJC_WEAK = YES;
				CLANG_WARN_BLOCK_CAPTURE_AUTORELEASING = YES;
				CLANG_WARN_BOOL_CONVERSION = YES;
				CLANG_WARN_COMMA = YES;
				CLANG_WARN_CONSTANT_CONVERSION = YES;
				CLANG_WARN_DEPRECATED_OBJC_IMPLEMENTATIONS = YES;
				CLANG_WARN_DIRECT_OBJC_ISA_USAGE = YES_ERROR;
				CLANG_WARN_DOCUMENTATION_COMMENTS = YES;
				CLANG_WARN_EMPTY_BODY = YES;
				CLANG_WARN_ENUM_CONVERSION = YES;
				CLANG_WARN_INFINITE_RECURSION = YES;
				CLANG_WARN_INT_CONVERSION = YES;
				CLANG_WARN_NON_LITERAL_NULL_CONVERSION = YES;
				CLANG_WARN_OBJC_IMPLICIT_RETAIN_SELF = YES;
				CLANG_WARN_OBJC_LITERAL_CONVERSION = YES;
				CLANG_WARN_OBJC_ROOT_CLASS = YES_ERROR;
				CLANG_WARN_RANGE_LOOP_ANALYSIS = YES;
				CLANG_WARN_STRICT_PROTOTYPES = YES;
				CLANG_WARN_SUSPICIOUS_MOVE = YES;
				CLANG_WARN_UNGUARDED_AVAILABILITY = YES_AGGRESSIVE;
				CLANG_WARN_UNREACHABLE_CODE = YES;
				CLANG_WARN__DUPLICATE_METHOD_MATCH = YES;
				CODE_SIGN_IDENTITY = "iPhone Developer";
				COPY_PHASE_STRIP = NO;
				DEBUG_INFORMATION_FORMAT = "dwarf-with-dsym";
				ENABLE_NS_ASSERTIONS = NO;
				ENABLE_STRICT_OBJC_MSGSEND = YES;
				GCC_C_LANGUAGE_STANDARD = gnu11;
				GCC_NO_COMMON_BLOCKS = YES;
				GCC_WARN_64_TO_32_BIT_CONVERSION = YES;
				GCC_WARN_ABOUT_RETURN_TYPE = YES_ERROR;
				GCC_WARN_UNDECLARED_SELECTOR = YES;
				GCC_WARN_UNINITIALIZED_AUTOS = YES_AGGRESSIVE;
				GCC_WARN_UNUSED_FUNCTION = YES;
				GCC_WARN_UNUSED_VARIABLE = YES;
				IPHONEOS_DEPLOYMENT_TARGET = 12.1;
				MTL_ENABLE_DEBUG_INFO = NO;
				MTL_FAST_MATH = YES;
				SDKROOT = iphoneos;
				SWIFT_COMPILATION_MODE = wholemodule;
				SWIFT_OPTIMIZATION_LEVEL = "-O";
				VALIDATE_PRODUCT = YES;
			};
			name = Release;
		};
		466CE8E0220FFCDA00D6F97B /* Debug */ = {
			isa = XCBuildConfiguration;
			buildSettings = {
				ASSETCATALOG_COMPILER_APPICON_NAME = AppIcon;
				CODE_SIGN_STYLE = Automatic;
				DEVELOPMENT_TEAM = B4S4333JDW;
				INFOPLIST_FILE = NotificationStartSample/Info.plist;
				LD_RUNPATH_SEARCH_PATHS = (
					"$(inherited)",
					"@executable_path/Frameworks",
				);
				PRODUCT_BUNDLE_IDENTIFIER = com.dev.touyou.NotificationStartSample;
				PRODUCT_NAME = "$(TARGET_NAME)";
				SWIFT_VERSION = 4.2;
				TARGETED_DEVICE_FAMILY = "1,2";
			};
			name = Debug;
		};
		466CE8E1220FFCDA00D6F97B /* Release */ = {
			isa = XCBuildConfiguration;
			buildSettings = {
				ASSETCATALOG_COMPILER_APPICON_NAME = AppIcon;
				CODE_SIGN_STYLE = Automatic;
				DEVELOPMENT_TEAM = B4S4333JDW;
				INFOPLIST_FILE = NotificationStartSample/Info.plist;
				LD_RUNPATH_SEARCH_PATHS = (
					"$(inherited)",
					"@executable_path/Frameworks",
				);
				PRODUCT_BUNDLE_IDENTIFIER = com.dev.touyou.NotificationStartSample;
				PRODUCT_NAME = "$(TARGET_NAME)";
				SWIFT_VERSION = 4.2;
				TARGETED_DEVICE_FAMILY = "1,2";
			};
			name = Release;
		};
/* End XCBuildConfiguration section */

/* Begin XCConfigurationList section */
		466CE8C8220FFCD900D6F97B /* Build configuration list for PBXProject "NotificationStartSample" */ = {
			isa = XCConfigurationList;
			buildConfigurations = (
				466CE8DD220FFCDA00D6F97B /* Debug */,
				466CE8DE220FFCDA00D6F97B /* Release */,
			);
			defaultConfigurationIsVisible = 0;
			defaultConfigurationName = Release;
		};
		466CE8DF220FFCDA00D6F97B /* Build configuration list for PBXNativeTarget "NotificationStartSample" */ = {
			isa = XCConfigurationList;
			buildConfigurations = (
				466CE8E0220FFCDA00D6F97B /* Debug */,
				466CE8E1220FFCDA00D6F97B /* Release */,
			);
			defaultConfigurationIsVisible = 0;
			defaultConfigurationName = Release;
		};
/* End XCConfigurationList section */
	};
	rootObject = 466CE8C5220FFCD900D6F97B /* Project object */;
}
